
Microsoft Visual Studio Solution File, Format Version 12.00
Project("{FAE04EC0-301F-11D3-BF4B-00C04F79EFBC}") = "GnomeGlDesktop", "GnomeGlDesktop\GnomeGlDesktop.csproj", "{FF172E5C-F44D-49F8-A082-B9BC6C5DF462}"
EndProject
Global
	GlobalSection(SolutionConfigurationPlatforms) = preSolution
		Debug|Any CPU = Debug|Any CPU
		Release|Any CPU = Release|Any CPU
	EndGlobalSection
	GlobalSection(ProjectConfigurationPlatforms) = postSolution
		{FF172E5C-F44D-49F8-A082-B9BC6C5DF462}.Debug|Any CPU.ActiveCfg = Debug|Any CPU
		{FF172E5C-F44D-49F8-A082-B9BC6C5DF462}.Debug|Any CPU.Build.0 = Debug|Any CPU
		{FF172E5C-F44D-49F8-A082-B9BC6C5DF462}.Release|Any CPU.ActiveCfg = Release|Any CPU
		{FF172E5C-F44D-49F8-A082-B9BC6C5DF462}.Release|Any CPU.Build.0 = Release|Any CPU
	EndGlobalSection
EndGlobal
